
Microsoft Visual Studio Solution File, Format Version 12.00
# Visual Studio Version 16
VisualStudioVersion = 16.0.29911.84
MinimumVisualStudioVersion = 10.0.40219.1
Project("{8BC9CEB8-8B4A-11D0-8D11-00A0C91BC942}") = "Hackathon doctor patient", "Hackathon doctor patient\Hackathon doctor patient.vcxproj", "{732E0D69-515D-430F-8B61-EFA123425515}"
EndProject
Global
	GlobalSection(SolutionConfigurationPlatforms) = preSolution
		Debug|x64 = Debug|x64
		Debug|x86 = Debug|x86
		Release|x64 = Release|x64
		Release|x86 = Release|x86
	EndGlobalSection
	GlobalSection(ProjectConfigurationPlatforms) = postSolution
		{732E0D69-515D-430F-8B61-EFA123425515}.Debug|x64.ActiveCfg = Debug|x64
		{732E0D69-515D-430F-8B61-EFA123425515}.Debug|x64.Build.0 = Debug|x64
		{732E0D69-515D-430F-8B61-EFA123425515}.Debug|x86.ActiveCfg = Debug|Win32
		{732E0D69-515D-430F-8B61-EFA123425515}.Debug|x86.Build.0 = Debug|Win32
		{732E0D69-515D-430F-8B61-EFA123425515}.Release|x64.ActiveCfg = Release|x64
		{732E0D69-515D-430F-8B61-EFA123425515}.Release|x64.Build.0 = Release|x64
		{732E0D69-515D-430F-8B61-EFA123425515}.Release|x86.ActiveCfg = Release|Win32
		{732E0D69-515D-430F-8B61-EFA123425515}.Release|x86.Build.0 = Release|Win32
	EndGlobalSection
	GlobalSection(SolutionProperties) = preSolution
		HideSolutionNode = FALSE
	EndGlobalSection
	GlobalSection(ExtensibilityGlobals) = postSolution
		SolutionGuid = {B7F63889-6C07-4ABA-9F58-FD560B14E61F}
	EndGlobalSection
EndGlobal
